// !$*UTF8*$!
{
	archiveVersion = 1;
	classes = {
	};
	objectVersion = 50;
	objects = {

/* Begin PBXBuildFile section */
		D50AB91C23AA14380055BC6A /* SearchVM.swift in Sources */ = {isa = PBXBuildFile; fileRef = D50AB91B23AA14380055BC6A /* SearchVM.swift */; };
		D50AB91E23AA14440055BC6A /* SearchTableVC.swift in Sources */ = {isa = PBXBuildFile; fileRef = D50AB91D23AA14440055BC6A /* SearchTableVC.swift */; };
		D50AB92023AA14560055BC6A /* UISearchBar+Utils.swift in Sources */ = {isa = PBXBuildFile; fileRef = D50AB91F23AA14560055BC6A /* UISearchBar+Utils.swift */; };
		D53124EF23A3ECFA00448381 /* AppDelegate.swift in Sources */ = {isa = PBXBuildFile; fileRef = D53124EE23A3ECFA00448381 /* AppDelegate.swift */; };
		D53124F123A3ECFA00448381 /* SceneDelegate.swift in Sources */ = {isa = PBXBuildFile; fileRef = D53124F023A3ECFA00448381 /* SceneDelegate.swift */; };
		D53124F623A3ECFA00448381 /* Main.storyboard in Resources */ = {isa = PBXBuildFile; fileRef = D53124F423A3ECFA00448381 /* Main.storyboard */; };
		D53124F823A3ECFB00448381 /* Assets.xcassets in Resources */ = {isa = PBXBuildFile; fileRef = D53124F723A3ECFB00448381 /* Assets.xcassets */; };
		D53124FB23A3ECFB00448381 /* LaunchScreen.storyboard in Resources */ = {isa = PBXBuildFile; fileRef = D53124F923A3ECFB00448381 /* LaunchScreen.storyboard */; };
		D531250423A4488200448381 /* ForecastVC.swift in Sources */ = {isa = PBXBuildFile; fileRef = D531250323A4488200448381 /* ForecastVC.swift */; };
		D531250723A45BE500448381 /* UIColor+Hex.swift in Sources */ = {isa = PBXBuildFile; fileRef = D531250623A45BE500448381 /* UIColor+Hex.swift */; };
		D531250A23A45FFA00448381 /* Constants.swift in Sources */ = {isa = PBXBuildFile; fileRef = D531250923A45FFA00448381 /* Constants.swift */; };
		D531250F23A4730F00448381 /* DayView.swift in Sources */ = {isa = PBXBuildFile; fileRef = D531250E23A4730F00448381 /* DayView.swift */; };
		D531251323A47BB100448381 /* DayView.xib in Resources */ = {isa = PBXBuildFile; fileRef = D531251223A47BB100448381 /* DayView.xib */; };
		D531251823A52C1B00448381 /* ForecastVM.swift in Sources */ = {isa = PBXBuildFile; fileRef = D531251723A52C1B00448381 /* ForecastVM.swift */; };
		D531254F23A6B5B700448381 /* SwinjectStoryboard+Setup.swift in Sources */ = {isa = PBXBuildFile; fileRef = D531254E23A6B5B700448381 /* SwinjectStoryboard+Setup.swift */; };
		D531255123A6B5E600448381 /* DateFormatter+Format.swift in Sources */ = {isa = PBXBuildFile; fileRef = D531255023A6B5E600448381 /* DateFormatter+Format.swift */; };
		D58385A523A855B00088FD4E /* WeekTableViewCell.xib in Resources */ = {isa = PBXBuildFile; fileRef = D58385A323A855B00088FD4E /* WeekTableViewCell.xib */; };
		D58385A623A855B00088FD4E /* WeekTableViewCell.swift in Sources */ = {isa = PBXBuildFile; fileRef = D58385A423A855B00088FD4E /* WeekTableViewCell.swift */; };
		D58385A823A855DE0088FD4E /* UIView+Utils.swift in Sources */ = {isa = PBXBuildFile; fileRef = D58385A723A855DE0088FD4E /* UIView+Utils.swift */; };
		D5BE1CF023A804C80064C1F3 /* HourCollectionViewCell.xib in Resources */ = {isa = PBXBuildFile; fileRef = D5BE1CEE23A804C80064C1F3 /* HourCollectionViewCell.xib */; };
		D5BE1CF123A804C80064C1F3 /* HourCollectionViewCell.swift in Sources */ = {isa = PBXBuildFile; fileRef = D5BE1CEF23A804C80064C1F3 /* HourCollectionViewCell.swift */; };
		D5BE1CF423A804F00064C1F3 /* WeatherIcon.swift in Sources */ = {isa = PBXBuildFile; fileRef = D5BE1CF223A804F00064C1F3 /* WeatherIcon.swift */; };
		D5BE1CF523A804F00064C1F3 /* Helper.swift in Sources */ = {isa = PBXBuildFile; fileRef = D5BE1CF323A804F00064C1F3 /* Helper.swift */; };
		D5BE1CF823A805210064C1F3 /* String+Format.swift in Sources */ = {isa = PBXBuildFile; fileRef = D5BE1CF623A805210064C1F3 /* String+Format.swift */; };
		D5BE1CF923A805210064C1F3 /* Date+Format.swift in Sources */ = {isa = PBXBuildFile; fileRef = D5BE1CF723A805210064C1F3 /* Date+Format.swift */; };
		D5F7111F23A9B62E00CEEA6F /* MapVM.swift in Sources */ = {isa = PBXBuildFile; fileRef = D5F7111E23A9B62E00CEEA6F /* MapVM.swift */; };
		D5F7112123A9B63700CEEA6F /* MapVC.swift in Sources */ = {isa = PBXBuildFile; fileRef = D5F7112023A9B63700CEEA6F /* MapVC.swift */; };
/* End PBXBuildFile section */

/* Begin PBXFileReference section */
		D50AB91B23AA14380055BC6A /* SearchVM.swift */ = {isa = PBXFileReference; fileEncoding = 4; lastKnownFileType = sourcecode.swift; path = SearchVM.swift; sourceTree = "<group>"; };
		D50AB91D23AA14440055BC6A /* SearchTableVC.swift */ = {isa = PBXFileReference; fileEncoding = 4; lastKnownFileType = sourcecode.swift; path = SearchTableVC.swift; sourceTree = "<group>"; };
		D50AB91F23AA14560055BC6A /* UISearchBar+Utils.swift */ = {isa = PBXFileReference; fileEncoding = 4; lastKnownFileType = sourcecode.swift; path = "UISearchBar+Utils.swift"; sourceTree = "<group>"; };
		D53124EB23A3ECFA00448381 /* Forecast.app */ = {isa = PBXFileReference; explicitFileType = wrapper.application; includeInIndex = 0; path = Forecast.app; sourceTree = BUILT_PRODUCTS_DIR; };
		D53124EE23A3ECFA00448381 /* AppDelegate.swift */ = {isa = PBXFileReference; lastKnownFileType = sourcecode.swift; path = AppDelegate.swift; sourceTree = "<group>"; };
		D53124F023A3ECFA00448381 /* SceneDelegate.swift */ = {isa = PBXFileReference; lastKnownFileType = sourcecode.swift; path = SceneDelegate.swift; sourceTree = "<group>"; };
		D53124F523A3ECFA00448381 /* Base */ = {isa = PBXFileReference; lastKnownFileType = file.storyboard; name = Base; path = Base.lproj/Main.storyboard; sourceTree = "<group>"; };
		D53124F723A3ECFB00448381 /* Assets.xcassets */ = {isa = PBXFileReference; lastKnownFileType = folder.assetcatalog; path = Assets.xcassets; sourceTree = "<group>"; };
		D53124FA23A3ECFB00448381 /* Base */ = {isa = PBXFileReference; lastKnownFileType = file.storyboard; name = Base; path = Base.lproj/LaunchScreen.storyboard; sourceTree = "<group>"; };
		D53124FC23A3ECFB00448381 /* Info.plist */ = {isa = PBXFileReference; lastKnownFileType = text.plist.xml; path = Info.plist; sourceTree = "<group>"; };
		D531250323A4488200448381 /* ForecastVC.swift */ = {isa = PBXFileReference; lastKnownFileType = sourcecode.swift; path = ForecastVC.swift; sourceTree = "<group>"; };
		D531250623A45BE500448381 /* UIColor+Hex.swift */ = {isa = PBXFileReference; lastKnownFileType = sourcecode.swift; path = "UIColor+Hex.swift"; sourceTree = "<group>"; };
		D531250923A45FFA00448381 /* Constants.swift */ = {isa = PBXFileReference; lastKnownFileType = sourcecode.swift; path = Constants.swift; sourceTree = "<group>"; };
		D531250E23A4730F00448381 /* DayView.swift */ = {isa = PBXFileReference; lastKnownFileType = sourcecode.swift; path = DayView.swift; sourceTree = "<group>"; };
		D531251223A47BB100448381 /* DayView.xib */ = {isa = PBXFileReference; lastKnownFileType = file.xib; path = DayView.xib; sourceTree = "<group>"; };
		D531251723A52C1B00448381 /* ForecastVM.swift */ = {isa = PBXFileReference; lastKnownFileType = sourcecode.swift; path = ForecastVM.swift; sourceTree = "<group>"; };
		D531254E23A6B5B700448381 /* SwinjectStoryboard+Setup.swift */ = {isa = PBXFileReference; fileEncoding = 4; lastKnownFileType = sourcecode.swift; path = "SwinjectStoryboard+Setup.swift"; sourceTree = "<group>"; };
		D531255023A6B5E600448381 /* DateFormatter+Format.swift */ = {isa = PBXFileReference; fileEncoding = 4; lastKnownFileType = sourcecode.swift; path = "DateFormatter+Format.swift"; sourceTree = "<group>"; };
		D58385A323A855B00088FD4E /* WeekTableViewCell.xib */ = {isa = PBXFileReference; fileEncoding = 4; lastKnownFileType = file.xib; path = WeekTableViewCell.xib; sourceTree = "<group>"; };
		D58385A423A855B00088FD4E /* WeekTableViewCell.swift */ = {isa = PBXFileReference; fileEncoding = 4; lastKnownFileType = sourcecode.swift; path = WeekTableViewCell.swift; sourceTree = "<group>"; };
		D58385A723A855DE0088FD4E /* UIView+Utils.swift */ = {isa = PBXFileReference; fileEncoding = 4; lastKnownFileType = sourcecode.swift; path = "UIView+Utils.swift"; sourceTree = "<group>"; };
		D5BE1CEE23A804C80064C1F3 /* HourCollectionViewCell.xib */ = {isa = PBXFileReference; fileEncoding = 4; lastKnownFileType = file.xib; path = HourCollectionViewCell.xib; sourceTree = "<group>"; };
		D5BE1CEF23A804C80064C1F3 /* HourCollectionViewCell.swift */ = {isa = PBXFileReference; fileEncoding = 4; lastKnownFileType = sourcecode.swift; path = HourCollectionViewCell.swift; sourceTree = "<group>"; };
		D5BE1CF223A804F00064C1F3 /* WeatherIcon.swift */ = {isa = PBXFileReference; fileEncoding = 4; lastKnownFileType = sourcecode.swift; path = WeatherIcon.swift; sourceTree = "<group>"; };
		D5BE1CF323A804F00064C1F3 /* Helper.swift */ = {isa = PBXFileReference; fileEncoding = 4; lastKnownFileType = sourcecode.swift; path = Helper.swift; sourceTree = "<group>"; };
		D5BE1CF623A805210064C1F3 /* String+Format.swift */ = {isa = PBXFileReference; fileEncoding = 4; lastKnownFileType = sourcecode.swift; path = "String+Format.swift"; sourceTree = "<group>"; };
		D5BE1CF723A805210064C1F3 /* Date+Format.swift */ = {isa = PBXFileReference; fileEncoding = 4; lastKnownFileType = sourcecode.swift; path = "Date+Format.swift"; sourceTree = "<group>"; };
		D5F7111E23A9B62E00CEEA6F /* MapVM.swift */ = {isa = PBXFileReference; fileEncoding = 4; lastKnownFileType = sourcecode.swift; path = MapVM.swift; sourceTree = "<group>"; };
		D5F7112023A9B63700CEEA6F /* MapVC.swift */ = {isa = PBXFileReference; fileEncoding = 4; lastKnownFileType = sourcecode.swift; path = MapVC.swift; sourceTree = "<group>"; };
/* End PBXFileReference section */

/* Begin PBXFrameworksBuildPhase section */
		D53124E823A3ECFA00448381 /* Frameworks */ = {
			isa = PBXFrameworksBuildPhase;
			buildActionMask = 2147483647;
			files = (
			);
			runOnlyForDeploymentPostprocessing = 0;
		};
/* End PBXFrameworksBuildPhase section */

/* Begin PBXGroup section */
		D53124E223A3ECFA00448381 = {
			isa = PBXGroup;
			children = (
				D53124ED23A3ECFA00448381 /* Forecast */,
				D53124EC23A3ECFA00448381 /* Products */,
			);
			sourceTree = "<group>";
		};
		D53124EC23A3ECFA00448381 /* Products */ = {
			isa = PBXGroup;
			children = (
				D53124EB23A3ECFA00448381 /* Forecast.app */,
			);
			name = Products;
			sourceTree = "<group>";
		};
		D53124ED23A3ECFA00448381 /* Forecast */ = {
			isa = PBXGroup;
			children = (
				D53124EE23A3ECFA00448381 /* AppDelegate.swift */,
				D53124F023A3ECFA00448381 /* SceneDelegate.swift */,
				D5BE1CED23A804C80064C1F3 /* Cell */,
				D531250823A45FA500448381 /* Class */,
				D531254D23A6B5B700448381 /* Container */,
				D531250D23A4729000448381 /* View */,
				D531251623A52BFC00448381 /* ViewModel */,
				D531250223A4486A00448381 /* ViewController */,
				D531250523A45BAB00448381 /* Extension */,
				D53124F423A3ECFA00448381 /* Main.storyboard */,
				D53124F723A3ECFB00448381 /* Assets.xcassets */,
				D53124F923A3ECFB00448381 /* LaunchScreen.storyboard */,
				D53124FC23A3ECFB00448381 /* Info.plist */,
			);
			path = Forecast;
			sourceTree = "<group>";
		};
		D531250223A4486A00448381 /* ViewController */ = {
			isa = PBXGroup;
			children = (
				D5F7112023A9B63700CEEA6F /* MapVC.swift */,
				D531250323A4488200448381 /* ForecastVC.swift */,
				D50AB91D23AA14440055BC6A /* SearchTableVC.swift */,
			);
			path = ViewController;
			sourceTree = "<group>";
		};
		D531250523A45BAB00448381 /* Extension */ = {
			isa = PBXGroup;
			children = (
				D58385A723A855DE0088FD4E /* UIView+Utils.swift */,
				D5BE1CF723A805210064C1F3 /* Date+Format.swift */,
				D531250623A45BE500448381 /* UIColor+Hex.swift */,
				D5BE1CF623A805210064C1F3 /* String+Format.swift */,
				D50AB91F23AA14560055BC6A /* UISearchBar+Utils.swift */,
				D531255023A6B5E600448381 /* DateFormatter+Format.swift */,
			);
			path = Extension;
			sourceTree = "<group>";
		};
		D531250823A45FA500448381 /* Class */ = {
			isa = PBXGroup;
			children = (
				D5BE1CF323A804F00064C1F3 /* Helper.swift */,
				D531250923A45FFA00448381 /* Constants.swift */,
				D5BE1CF223A804F00064C1F3 /* WeatherIcon.swift */,
			);
			path = Class;
			sourceTree = "<group>";
		};
		D531250D23A4729000448381 /* View */ = {
			isa = PBXGroup;
			children = (
				D531250E23A4730F00448381 /* DayView.swift */,
				D531251223A47BB100448381 /* DayView.xib */,
			);
			path = View;
			sourceTree = "<group>";
		};
		D531251623A52BFC00448381 /* ViewModel */ = {
			isa = PBXGroup;
			children = (
				D5F7111E23A9B62E00CEEA6F /* MapVM.swift */,
				D50AB91B23AA14380055BC6A /* SearchVM.swift */,
				D531251723A52C1B00448381 /* ForecastVM.swift */,
			);
			path = ViewModel;
			sourceTree = "<group>";
		};
		D531254D23A6B5B700448381 /* Container */ = {
			isa = PBXGroup;
			children = (
				D531254E23A6B5B700448381 /* SwinjectStoryboard+Setup.swift */,
			);
			path = Container;
			sourceTree = "<group>";
		};
		D5BE1CED23A804C80064C1F3 /* Cell */ = {
			isa = PBXGroup;
			children = (
				D5BE1CEF23A804C80064C1F3 /* HourCollectionViewCell.swift */,
				D5BE1CEE23A804C80064C1F3 /* HourCollectionViewCell.xib */,
				D58385A423A855B00088FD4E /* WeekTableViewCell.swift */,
				D58385A323A855B00088FD4E /* WeekTableViewCell.xib */,
			);
			path = Cell;
			sourceTree = "<group>";
		};
/* End PBXGroup section */

/* Begin PBXNativeTarget section */
		D53124EA23A3ECFA00448381 /* Forecast */ = {
			isa = PBXNativeTarget;
			buildConfigurationList = D53124FF23A3ECFB00448381 /* Build configuration list for PBXNativeTarget "Forecast" */;
			buildPhases = (
				D53124E723A3ECFA00448381 /* Sources */,
				D53124E823A3ECFA00448381 /* Frameworks */,
				D53124E923A3ECFA00448381 /* Resources */,
			);
			buildRules = (
			);
			dependencies = (
			);
			name = Forecast;
			productName = Forecast;
			productReference = D53124EB23A3ECFA00448381 /* Forecast.app */;
			productType = "com.apple.product-type.application";
		};
/* End PBXNativeTarget section */

/* Begin PBXProject section */
		D53124E323A3ECFA00448381 /* Project object */ = {
			isa = PBXProject;
			attributes = {
				LastSwiftUpdateCheck = 1120;
				LastUpgradeCheck = 1120;
				ORGANIZATIONNAME = "Anton Morozov";
				TargetAttributes = {
					D53124EA23A3ECFA00448381 = {
						CreatedOnToolsVersion = 11.2.1;
					};
				};
			};
			buildConfigurationList = D53124E623A3ECFA00448381 /* Build configuration list for PBXProject "Forecast" */;
			compatibilityVersion = "Xcode 9.3";
			developmentRegion = en;
			hasScannedForEncodings = 0;
			knownRegions = (
				en,
				Base,
			);
			mainGroup = D53124E223A3ECFA00448381;
			productRefGroup = D53124EC23A3ECFA00448381 /* Products */;
			projectDirPath = "";
			projectRoot = "";
			targets = (
				D53124EA23A3ECFA00448381 /* Forecast */,
			);
		};
/* End PBXProject section */

/* Begin PBXResourcesBuildPhase section */
		D53124E923A3ECFA00448381 /* Resources */ = {
			isa = PBXResourcesBuildPhase;
			buildActionMask = 2147483647;
			files = (
				D53124FB23A3ECFB00448381 /* LaunchScreen.storyboard in Resources */,
				D531251323A47BB100448381 /* DayView.xib in Resources */,
				D53124F823A3ECFB00448381 /* Assets.xcassets in Resources */,
				D58385A523A855B00088FD4E /* WeekTableViewCell.xib in Resources */,
				D53124F623A3ECFA00448381 /* Main.storyboard in Resources */,
				D5BE1CF023A804C80064C1F3 /* HourCollectionViewCell.xib in Resources */,
			);
			runOnlyForDeploymentPostprocessing = 0;
		};
/* End PBXResourcesBuildPhase section */

/* Begin PBXSourcesBuildPhase section */
		D53124E723A3ECFA00448381 /* Sources */ = {
			isa = PBXSourcesBuildPhase;
			buildActionMask = 2147483647;
			files = (
				D531250F23A4730F00448381 /* DayView.swift in Sources */,
				D58385A623A855B00088FD4E /* WeekTableViewCell.swift in Sources */,
				D5BE1CF423A804F00064C1F3 /* WeatherIcon.swift in Sources */,
				D5BE1CF123A804C80064C1F3 /* HourCollectionViewCell.swift in Sources */,
				D531250A23A45FFA00448381 /* Constants.swift in Sources */,
				D53124EF23A3ECFA00448381 /* AppDelegate.swift in Sources */,
				D531250723A45BE500448381 /* UIColor+Hex.swift in Sources */,
				D5BE1CF923A805210064C1F3 /* Date+Format.swift in Sources */,
				D53124F123A3ECFA00448381 /* SceneDelegate.swift in Sources */,
				D50AB91E23AA14440055BC6A /* SearchTableVC.swift in Sources */,
				D50AB92023AA14560055BC6A /* UISearchBar+Utils.swift in Sources */,
				D50AB91C23AA14380055BC6A /* SearchVM.swift in Sources */,
				D5BE1CF823A805210064C1F3 /* String+Format.swift in Sources */,
				D531255123A6B5E600448381 /* DateFormatter+Format.swift in Sources */,
				D5F7112123A9B63700CEEA6F /* MapVC.swift in Sources */,
				D531251823A52C1B00448381 /* ForecastVM.swift in Sources */,
				D5F7111F23A9B62E00CEEA6F /* MapVM.swift in Sources */,
				D58385A823A855DE0088FD4E /* UIView+Utils.swift in Sources */,
				D5BE1CF523A804F00064C1F3 /* Helper.swift in Sources */,
				D531254F23A6B5B700448381 /* SwinjectStoryboard+Setup.swift in Sources */,
				D531250423A4488200448381 /* ForecastVC.swift in Sources */,
			);
			runOnlyForDeploymentPostprocessing = 0;
		};
/* End PBXSourcesBuildPhase section */

/* Begin PBXVariantGroup section */
		D53124F423A3ECFA00448381 /* Main.storyboard */ = {
			isa = PBXVariantGroup;
			children = (
				D53124F523A3ECFA00448381 /* Base */,
			);
			name = Main.storyboard;
			sourceTree = "<group>";
		};
		D53124F923A3ECFB00448381 /* LaunchScreen.storyboard */ = {
			isa = PBXVariantGroup;
			children = (
				D53124FA23A3ECFB00448381 /* Base */,
			);
			name = LaunchScreen.storyboard;
			sourceTree = "<group>";
		};
/* End PBXVariantGroup section */

/* Begin XCBuildConfiguration section */
		D53124FD23A3ECFB00448381 /* Debug */ = {
			isa = XCBuildConfiguration;
			buildSettings = {
				ALWAYS_SEARCH_USER_PATHS = NO;
				CLANG_ANALYZER_NONNULL = YES;
				CLANG_ANALYZER_NUMBER_OBJECT_CONVERSION = YES_AGGRESSIVE;
				CLANG_CXX_LANGUAGE_STANDARD = "gnu++14";
				CLANG_CXX_LIBRARY = "libc++";
				CLANG_ENABLE_MODULES = YES;
				CLANG_ENABLE_OBJC_ARC = YES;
				CLANG_ENABLE_OBJC_WEAK = YES;
				CLANG_WARN_BLOCK_CAPTURE_AUTORELEASING = YES;
				CLANG_WARN_BOOL_CONVERSION = YES;
				CLANG_WARN_COMMA = YES;
				CLANG_WARN_CONSTANT_CONVERSION = YES;
				CLANG_WARN_DEPRECATED_OBJC_IMPLEMENTATIONS = YES;
				CLANG_WARN_DIRECT_OBJC_ISA_USAGE = YES_ERROR;
				CLANG_WARN_DOCUMENTATION_COMMENTS = YES;
				CLANG_WARN_EMPTY_BODY = YES;
				CLANG_WARN_ENUM_CONVERSION = YES;
				CLANG_WARN_INFINITE_RECURSION = YES;
				CLANG_WARN_INT_CONVERSION = YES;
				CLANG_WARN_NON_LITERAL_NULL_CONVERSION = YES;
				CLANG_WARN_OBJC_IMPLICIT_RETAIN_SELF = YES;
				CLANG_WARN_OBJC_LITERAL_CONVERSION = YES;
				CLANG_WARN_OBJC_ROOT_CLASS = YES_ERROR;
				CLANG_WARN_RANGE_LOOP_ANALYSIS = YES;
				CLANG_WARN_STRICT_PROTOTYPES = YES;
				CLANG_WARN_SUSPICIOUS_MOVE = YES;
				CLANG_WARN_UNGUARDED_AVAILABILITY = YES_AGGRESSIVE;
				CLANG_WARN_UNREACHABLE_CODE = YES;
				CLANG_WARN__DUPLICATE_METHOD_MATCH = YES;
				COPY_PHASE_STRIP = NO;
				DEBUG_INFORMATION_FORMAT = dwarf;
				ENABLE_STRICT_OBJC_MSGSEND = YES;
				ENABLE_TESTABILITY = YES;
				GCC_C_LANGUAGE_STANDARD = gnu11;
				GCC_DYNAMIC_NO_PIC = NO;
				GCC_NO_COMMON_BLOCKS = YES;
				GCC_OPTIMIZATION_LEVEL = 0;
				GCC_PREPROCESSOR_DEFINITIONS = (
					"DEBUG=1",
					"$(inherited)",
				);
				GCC_WARN_64_TO_32_BIT_CONVERSION = YES;
				GCC_WARN_ABOUT_RETURN_TYPE = YES_ERROR;
				GCC_WARN_UNDECLARED_SELECTOR = YES;
				GCC_WARN_UNINITIALIZED_AUTOS = YES_AGGRESSIVE;
				GCC_WARN_UNUSED_FUNCTION = YES;
				GCC_WARN_UNUSED_VARIABLE = YES;
				IPHONEOS_DEPLOYMENT_TARGET = 11.0;
				MTL_ENABLE_DEBUG_INFO = INCLUDE_SOURCE;
				MTL_FAST_MATH = YES;
				ONLY_ACTIVE_ARCH = YES;
				SDKROOT = iphoneos;
				SWIFT_ACTIVE_COMPILATION_CONDITIONS = DEBUG;
				SWIFT_OPTIMIZATION_LEVEL = "-Onone";
			};
			name = Debug;
		};
		D53124FE23A3ECFB00448381 /* Release */ = {
			isa = XCBuildConfiguration;
			buildSettings = {
				ALWAYS_SEARCH_USER_PATHS = NO;
				CLANG_ANALYZER_NONNULL = YES;
				CLANG_ANALYZER_NUMBER_OBJECT_CONVERSION = YES_AGGRESSIVE;
				CLANG_CXX_LANGUAGE_STANDARD = "gnu++14";
				CLANG_CXX_LIBRARY = "libc++";
				CLANG_ENABLE_MODULES = YES;
				CLANG_ENABLE_OBJC_ARC = YES;
				CLANG_ENABLE_OBJC_WEAK = YES;
				CLANG_WARN_BLOCK_CAPTURE_AUTORELEASING = YES;
				CLANG_WARN_BOOL_CONVERSION = YES;
				CLANG_WARN_COMMA = YES;
				CLANG_WARN_CONSTANT_CONVERSION = YES;
				CLANG_WARN_DEPRECATED_OBJC_IMPLEMENTATIONS = YES;
				CLANG_WARN_DIRECT_OBJC_ISA_USAGE = YES_ERROR;
				CLANG_WARN_DOCUMENTATION_COMMENTS = YES;
				CLANG_WARN_EMPTY_BODY = YES;
				CLANG_WARN_ENUM_CONVERSION = YES;
				CLANG_WARN_INFINITE_RECURSION = YES;
				CLANG_WARN_INT_CONVERSION = YES;
				CLANG_WARN_NON_LITERAL_NULL_CONVERSION = YES;
				CLANG_WARN_OBJC_IMPLICIT_RETAIN_SELF = YES;
				CLANG_WARN_OBJC_LITERAL_CONVERSION = YES;
				CLANG_WARN_OBJC_ROOT_CLASS = YES_ERROR;
				CLANG_WARN_RANGE_LOOP_ANALYSIS = YES;
				CLANG_WARN_STRICT_PROTOTYPES = YES;
				CLANG_WARN_SUSPICIOUS_MOVE = YES;
				CLANG_WARN_UNGUARDED_AVAILABILITY = YES_AGGRESSIVE;
				CLANG_WARN_UNREACHABLE_CODE = YES;
				CLANG_WARN__DUPLICATE_METHOD_MATCH = YES;
				COPY_PHASE_STRIP = NO;
				DEBUG_INFORMATION_FORMAT = "dwarf-with-dsym";
				ENABLE_NS_ASSERTIONS = NO;
				ENABLE_STRICT_OBJC_MSGSEND = YES;
				GCC_C_LANGUAGE_STANDARD = gnu11;
				GCC_NO_COMMON_BLOCKS = YES;
				GCC_WARN_64_TO_32_BIT_CONVERSION = YES;
				GCC_WARN_ABOUT_RETURN_TYPE = YES_ERROR;
				GCC_WARN_UNDECLARED_SELECTOR = YES;
				GCC_WARN_UNINITIALIZED_AUTOS = YES_AGGRESSIVE;
				GCC_WARN_UNUSED_FUNCTION = YES;
				GCC_WARN_UNUSED_VARIABLE = YES;
				IPHONEOS_DEPLOYMENT_TARGET = 11.0;
				MTL_ENABLE_DEBUG_INFO = NO;
				MTL_FAST_MATH = YES;
				SDKROOT = iphoneos;
				SWIFT_COMPILATION_MODE = wholemodule;
				SWIFT_OPTIMIZATION_LEVEL = "-O";
				VALIDATE_PRODUCT = YES;
			};
			name = Release;
		};
		D531250023A3ECFB00448381 /* Debug */ = {
			isa = XCBuildConfiguration;
			buildSettings = {
				ASSETCATALOG_COMPILER_APPICON_NAME = AppIcon;
				CODE_SIGN_STYLE = Automatic;
				INFOPLIST_FILE = Forecast/Info.plist;
				LD_RUNPATH_SEARCH_PATHS = (
					"$(inherited)",
					"@executable_path/Frameworks",
				);
				PRODUCT_BUNDLE_IDENTIFIER = com.demo.forecast;
				PRODUCT_NAME = "$(TARGET_NAME)";
				SWIFT_VERSION = 5.0;
				TARGETED_DEVICE_FAMILY = "1,2";
			};
			name = Debug;
		};
		D531250123A3ECFB00448381 /* Release */ = {
			isa = XCBuildConfiguration;
			buildSettings = {
				ASSETCATALOG_COMPILER_APPICON_NAME = AppIcon;
				CODE_SIGN_STYLE = Automatic;
				INFOPLIST_FILE = Forecast/Info.plist;
				LD_RUNPATH_SEARCH_PATHS = (
					"$(inherited)",
					"@executable_path/Frameworks",
				);
				PRODUCT_BUNDLE_IDENTIFIER = com.demo.forecast;
				PRODUCT_NAME = "$(TARGET_NAME)";
				SWIFT_VERSION = 5.0;
				TARGETED_DEVICE_FAMILY = "1,2";
			};
			name = Release;
		};
/* End XCBuildConfiguration section */

/* Begin XCConfigurationList section */
		D53124E623A3ECFA00448381 /* Build configuration list for PBXProject "Forecast" */ = {
			isa = XCConfigurationList;
			buildConfigurations = (
				D53124FD23A3ECFB00448381 /* Debug */,
				D53124FE23A3ECFB00448381 /* Release */,
			);
			defaultConfigurationIsVisible = 0;
			defaultConfigurationName = Release;
		};
		D53124FF23A3ECFB00448381 /* Build configuration list for PBXNativeTarget "Forecast" */ = {
			isa = XCConfigurationList;
			buildConfigurations = (
				D531250023A3ECFB00448381 /* Debug */,
				D531250123A3ECFB00448381 /* Release */,
			);
			defaultConfigurationIsVisible = 0;
			defaultConfigurationName = Release;
		};
/* End XCConfigurationList section */
	};
	rootObject = D53124E323A3ECFA00448381 /* Project object */;
}
